
Microsoft Visual Studio Solution File, Format Version 12.00
# Visual Studio Version 16
VisualStudioVersion = 16.0.30907.101
MinimumVisualStudioVersion = 10.0.40219.1
Project("{FAE04EC0-301F-11D3-BF4B-00C04F79EFBC}") = "Par_impar", "Par_impar\Par_impar.csproj", "{6993D044-7A34-4364-9655-E8182A622AB2}"
EndProject
Global
	GlobalSection(SolutionConfigurationPlatforms) = preSolution
		Debug|Any CPU = Debug|Any CPU
		Release|Any CPU = Release|Any CPU
	EndGlobalSection
	GlobalSection(ProjectConfigurationPlatforms) = postSolution
		{6993D044-7A34-4364-9655-E8182A622AB2}.Debug|Any CPU.ActiveCfg = Debug|Any CPU
		{6993D044-7A34-4364-9655-E8182A622AB2}.Debug|Any CPU.Build.0 = Debug|Any CPU
		{6993D044-7A34-4364-9655-E8182A622AB2}.Release|Any CPU.ActiveCfg = Release|Any CPU
		{6993D044-7A34-4364-9655-E8182A622AB2}.Release|Any CPU.Build.0 = Release|Any CPU
	EndGlobalSection
	GlobalSection(SolutionProperties) = preSolution
		HideSolutionNode = FALSE
	EndGlobalSection
	GlobalSection(ExtensibilityGlobals) = postSolution
		SolutionGuid = {ED010C99-6B04-4064-911E-7AD4F89F0E7E}
	EndGlobalSection
EndGlobal
